// !$*UTF8*$!
{
	archiveVersion = 1;
	classes = {
	};
	objectVersion = 46;
	objects = {

/* Begin PBXBuildFile section */
		9C00021317FA2F97001DC767 /* AVScanViewController.m in Sources */ = {isa = PBXBuildFile; fileRef = 9C00021117FA2F97001DC767 /* AVScanViewController.m */; };
		9C00021417FA2F97001DC767 /* AVScanViewController.xib in Resources */ = {isa = PBXBuildFile; fileRef = 9C00021217FA2F97001DC767 /* AVScanViewController.xib */; };
		9C058590162F63CC003D1890 /* AddressBookUI.framework in Frameworks */ = {isa = PBXBuildFile; fileRef = 9C05858F162F63CC003D1890 /* AddressBookUI.framework */; };
		9C058592162F679F003D1890 /* AddressBook.framework in Frameworks */ = {isa = PBXBuildFile; fileRef = 9C058591162F679F003D1890 /* AddressBook.framework */; };
		9C1B7A0616FBC5550015C815 /* MessageUI.framework in Frameworks */ = {isa = PBXBuildFile; fileRef = 9C1B7A0516FBC5550015C815 /* MessageUI.framework */; };
		9C1F8D1F15670CC6004E59EB /* MapKit.framework in Frameworks */ = {isa = PBXBuildFile; fileRef = 9C1F8D1E15670CC6004E59EB /* MapKit.framework */; };
		9C31CD401796FF0800A92773 /* open@2x.png in Resources */ = {isa = PBXBuildFile; fileRef = 9C31CD3E1796FF0800A92773 /* open@2x.png */; };
		9C31CD411796FF0800A92773 /* open.png in Resources */ = {isa = PBXBuildFile; fileRef = 9C31CD3F1796FF0800A92773 /* open.png */; };
		9C42F738158277E00011FECC /* E.png in Resources */ = {isa = PBXBuildFile; fileRef = 9C42F730158277E00011FECC /* E.png */; };
		9C42F739158277E00011FECC /* E@2x.png in Resources */ = {isa = PBXBuildFile; fileRef = 9C42F731158277E00011FECC /* E@2x.png */; };
		9C42F73A158277E00011FECC /* N.png in Resources */ = {isa = PBXBuildFile; fileRef = 9C42F732158277E00011FECC /* N.png */; };
		9C42F73B158277E00011FECC /* N@2x.png in Resources */ = {isa = PBXBuildFile; fileRef = 9C42F733158277E00011FECC /* N@2x.png */; };
		9C42F73C158277E00011FECC /* S.png in Resources */ = {isa = PBXBuildFile; fileRef = 9C42F734158277E00011FECC /* S.png */; };
		9C42F73D158277E00011FECC /* S@2x.png in Resources */ = {isa = PBXBuildFile; fileRef = 9C42F735158277E00011FECC /* S@2x.png */; };
		9C42F73E158277E00011FECC /* W.png in Resources */ = {isa = PBXBuildFile; fileRef = 9C42F736158277E00011FECC /* W.png */; };
		9C42F73F158277E00011FECC /* W@2x.png in Resources */ = {isa = PBXBuildFile; fileRef = 9C42F737158277E00011FECC /* W@2x.png */; };
		9C46E924158259FF00EFA276 /* MediaPlayer.framework in Frameworks */ = {isa = PBXBuildFile; fileRef = 9C46E923158259FF00EFA276 /* MediaPlayer.framework */; };
		9C4B206E17566B20009C6477 /* geospy.png in Resources */ = {isa = PBXBuildFile; fileRef = 9C4B206C17566B20009C6477 /* geospy.png */; };
		9C4B206F17566B20009C6477 /* geospy@2x.png in Resources */ = {isa = PBXBuildFile; fileRef = 9C4B206D17566B20009C6477 /* geospy@2x.png */; };
		9C4F8C3914859D3600A2B288 /* AudioController.m in Sources */ = {isa = PBXBuildFile; fileRef = 9C4F8C3714859D3600A2B288 /* AudioController.m */; };
		9C4F8C3A14859D3600A2B288 /* AudioController.xib in Resources */ = {isa = PBXBuildFile; fileRef = 9C4F8C3814859D3600A2B288 /* AudioController.xib */; };
		9C51732F155DA6E600090828 /* ARViewController.m in Sources */ = {isa = PBXBuildFile; fileRef = 9C51732D155DA6E600090828 /* ARViewController.m */; };
		9C517330155DA6E600090828 /* ARViewController_iPad.xib in Resources */ = {isa = PBXBuildFile; fileRef = 9C51732E155DA6E600090828 /* ARViewController_iPad.xib */; };
		9C517334155DA7FB00090828 /* ARViewController_iPhone.xib in Resources */ = {isa = PBXBuildFile; fileRef = 9C517333155DA7FB00090828 /* ARViewController_iPhone.xib */; };
		9C517337155DA99C00090828 /* PlaceLabel.m in Sources */ = {isa = PBXBuildFile; fileRef = 9C517336155DA99C00090828 /* PlaceLabel.m */; };
		9C51733A155DACE300090828 /* ARView.m in Sources */ = {isa = PBXBuildFile; fileRef = 9C517339155DACE300090828 /* ARView.m */; };
		9C517346155DB13C00090828 /* CoreLocation.framework in Frameworks */ = {isa = PBXBuildFile; fileRef = 9C517345155DB13C00090828 /* CoreLocation.framework */; };
		9C517348155DB16700090828 /* QuartzCore.framework in Frameworks */ = {isa = PBXBuildFile; fileRef = 9C517347155DB16700090828 /* QuartzCore.framework */; };
		9C51734A155DB17900090828 /* CoreMotion.framework in Frameworks */ = {isa = PBXBuildFile; fileRef = 9C517349155DB17900090828 /* CoreMotion.framework */; };
		9C5324B3160B8C8900F9580D /* stripes.png in Resources */ = {isa = PBXBuildFile; fileRef = 9C5324B2160B8C8900F9580D /* stripes.png */; };
		9C5324B5160B8F5700F9580D /* bar.png in Resources */ = {isa = PBXBuildFile; fileRef = 9C5324B4160B8F5700F9580D /* bar.png */; };
		9C5CD04314BCBCA70070662F /* camcorder.png in Resources */ = {isa = PBXBuildFile; fileRef = 9C5CD03B14BCBCA70070662F /* camcorder.png */; };
		9C5CD04414BCBCA70070662F /* camcorder@2x.png in Resources */ = {isa = PBXBuildFile; fileRef = 9C5CD03C14BCBCA70070662F /* camcorder@2x.png */; };
		9C5CD04514BCBCA70070662F /* camera.png in Resources */ = {isa = PBXBuildFile; fileRef = 9C5CD03D14BCBCA70070662F /* camera.png */; };
		9C5CD04614BCBCA70070662F /* camera@2x.png in Resources */ = {isa = PBXBuildFile; fileRef = 9C5CD03E14BCBCA70070662F /* camera@2x.png */; };
		9C5CD04714BCBCA70070662F /* microphone.png in Resources */ = {isa = PBXBuildFile; fileRef = 9C5CD03F14BCBCA70070662F /* microphone.png */; };
		9C5CD04814BCBCA70070662F /* microphone@2x.png in Resources */ = {isa = PBXBuildFile; fileRef = 9C5CD04014BCBCA70070662F /* microphone@2x.png */; };
		9C5CD04914BCBCA70070662F /* qr.png in Resources */ = {isa = PBXBuildFile; fileRef = 9C5CD04114BCBCA70070662F /* qr.png */; };
		9C5CD04A14BCBCA70070662F /* qr@2x.png in Resources */ = {isa = PBXBuildFile; fileRef = 9C5CD04214BCBCA70070662F /* qr@2x.png */; };
		9C654EA0174D8F1C00758CA6 /* Default-Portrait@2x~ipad.png in Resources */ = {isa = PBXBuildFile; fileRef = 9C654E9E174D8F1C00758CA6 /* Default-Portrait@2x~ipad.png */; };
		9C654EA1174D8F1C00758CA6 /* Default-Portrait~ipad.png in Resources */ = {isa = PBXBuildFile; fileRef = 9C654E9F174D8F1C00758CA6 /* Default-Portrait~ipad.png */; };
		9C6E1973148560C300ADDAA7 /* MobileCoreServices.framework in Frameworks */ = {isa = PBXBuildFile; fileRef = 9C6E1972148560C300ADDAA7 /* MobileCoreServices.framework */; };
		9C77C78F147310B80079FDF5 /* NativeInterface.m in Sources */ = {isa = PBXBuildFile; fileRef = 9C77C78D147310B80079FDF5 /* NativeInterface.m */; };
		9C77C794147310F90079FDF5 /* icon-72.png in Resources */ = {isa = PBXBuildFile; fileRef = 9C77C791147310F90079FDF5 /* icon-72.png */; };
		9C77C795147310F90079FDF5 /* icon.png in Resources */ = {isa = PBXBuildFile; fileRef = 9C77C792147310F90079FDF5 /* icon.png */; };
		9C77C796147310F90079FDF5 /* icon@2x.png in Resources */ = {isa = PBXBuildFile; fileRef = 9C77C793147310F90079FDF5 /* icon@2x.png */; };
		9C7A1064156BF9AD0013D23D /* MapController.m in Sources */ = {isa = PBXBuildFile; fileRef = 9C7A1062156BF9AD0013D23D /* MapController.m */; };
		9C7A1065156BF9AD0013D23D /* MapController.xib in Resources */ = {isa = PBXBuildFile; fileRef = 9C7A1063156BF9AD0013D23D /* MapController.xib */; };
		9C7A1E89156C24E70013D23D /* ar.png in Resources */ = {isa = PBXBuildFile; fileRef = 9C7A1E87156C24E70013D23D /* ar.png */; };
		9C7A1E8A156C24E70013D23D /* ar@2x.png in Resources */ = {isa = PBXBuildFile; fileRef = 9C7A1E88156C24E70013D23D /* ar@2x.png */; };
		9C9314791485505200B21FA1 /* libiconv.dylib in Frameworks */ = {isa = PBXBuildFile; fileRef = 9C9314781485505200B21FA1 /* libiconv.dylib */; };
		9C93147B1485506A00B21FA1 /* AudioToolbox.framework in Frameworks */ = {isa = PBXBuildFile; fileRef = 9C93147A1485506A00B21FA1 /* AudioToolbox.framework */; };
		9C93147D1485507900B21FA1 /* AVFoundation.framework in Frameworks */ = {isa = PBXBuildFile; fileRef = 9C93147C1485507900B21FA1 /* AVFoundation.framework */; };
		9C93147F148556B100B21FA1 /* CoreVideo.framework in Frameworks */ = {isa = PBXBuildFile; fileRef = 9C93147E148556B100B21FA1 /* CoreVideo.framework */; };
		9C931481148556EC00B21FA1 /* CoreMedia.framework in Frameworks */ = {isa = PBXBuildFile; fileRef = 9C931480148556EC00B21FA1 /* CoreMedia.framework */; };
		9C9D3F8A17FB8BBD00FD3DBD /* NamedSwitch.m in Sources */ = {isa = PBXBuildFile; fileRef = 9C9D3F8517FB8BBD00FD3DBD /* NamedSwitch.m */; };
		9C9D3F8B17FB8BBD00FD3DBD /* SettingsViewController.m in Sources */ = {isa = PBXBuildFile; fileRef = 9C9D3F8717FB8BBD00FD3DBD /* SettingsViewController.m */; };
		9C9D3F8C17FB8BBD00FD3DBD /* SettingsViewController~ipad.xib in Resources */ = {isa = PBXBuildFile; fileRef = 9C9D3F8817FB8BBD00FD3DBD /* SettingsViewController~ipad.xib */; };
		9C9D3F8D17FB8BBD00FD3DBD /* SettingsViewController~iphone.xib in Resources */ = {isa = PBXBuildFile; fileRef = 9C9D3F8917FB8BBD00FD3DBD /* SettingsViewController~iphone.xib */; };
		9CA2E88B1731BFF1001D1CFC /* Default@2x.png in Resources */ = {isa = PBXBuildFile; fileRef = 9CA2E88A1731BFF1001D1CFC /* Default@2x.png */; };
		9CA51B6414730D110065F681 /* UIKit.framework in Frameworks */ = {isa = PBXBuildFile; fileRef = 9CA51B6314730D110065F681 /* UIKit.framework */; };
		9CA51B6614730D110065F681 /* Foundation.framework in Frameworks */ = {isa = PBXBuildFile; fileRef = 9CA51B6514730D110065F681 /* Foundation.framework */; };
		9CA51B6814730D110065F681 /* CoreGraphics.framework in Frameworks */ = {isa = PBXBuildFile; fileRef = 9CA51B6714730D110065F681 /* CoreGraphics.framework */; };
		9CA51B6E14730D110065F681 /* InfoPlist.strings in Resources */ = {isa = PBXBuildFile; fileRef = 9CA51B6C14730D110065F681 /* InfoPlist.strings */; };
		9CA51B7014730D110065F681 /* main.m in Sources */ = {isa = PBXBuildFile; fileRef = 9CA51B6F14730D110065F681 /* main.m */; };
		9CA51B7414730D120065F681 /* AppDelegate.m in Sources */ = {isa = PBXBuildFile; fileRef = 9CA51B7314730D120065F681 /* AppDelegate.m */; };
		9CA51B7714730D120065F681 /* ViewController.m in Sources */ = {isa = PBXBuildFile; fileRef = 9CA51B7614730D120065F681 /* ViewController.m */; };
		9CA51B7A14730D120065F681 /* ViewController_iPhone.xib in Resources */ = {isa = PBXBuildFile; fileRef = 9CA51B7814730D120065F681 /* ViewController_iPhone.xib */; };
		9CA51B7D14730D120065F681 /* ViewController_iPad.xib in Resources */ = {isa = PBXBuildFile; fileRef = 9CA51B7B14730D120065F681 /* ViewController_iPad.xib */; };
		9CB2A1311731A5200049C135 /* Default-568h.png in Resources */ = {isa = PBXBuildFile; fileRef = 9CB2A12F1731A5200049C135 /* Default-568h.png */; };
		9CB2A1321731A5200049C135 /* Default.png in Resources */ = {isa = PBXBuildFile; fileRef = 9CB2A1301731A5200049C135 /* Default.png */; };
		9CB2A1351731AA3C0049C135 /* Default-568h@2x.png in Resources */ = {isa = PBXBuildFile; fileRef = 9CB2A1341731AA3C0049C135 /* Default-568h@2x.png */; };
		9CBF5ACD1638AB1E0015E267 /* IceUtil.m in Sources */ = {isa = PBXBuildFile; fileRef = 9CBF5ACC1638AB1E0015E267 /* IceUtil.m */; };
		9CE8327416443D7D00F6C270 /* contacts.png in Resources */ = {isa = PBXBuildFile; fileRef = 9CE8327216443D7D00F6C270 /* contacts.png */; };
		9CE8327516443D7D00F6C270 /* contacts@2x.png in Resources */ = {isa = PBXBuildFile; fileRef = 9CE8327316443D7D00F6C270 /* contacts@2x.png */; };
		9CF13E60175E57A100E0DF90 /* sms.png in Resources */ = {isa = PBXBuildFile; fileRef = 9CF13E5E175E57A100E0DF90 /* sms.png */; };
		9CF13E61175E57A100E0DF90 /* sms@2x.png in Resources */ = {isa = PBXBuildFile; fileRef = 9CF13E5F175E57A100E0DF90 /* sms@2x.png */; };
		9CFDBD41164D865100D1F041 /* license.txt in Resources */ = {isa = PBXBuildFile; fileRef = 9CFDBD40164D865100D1F041 /* license.txt */; };
/* End PBXBuildFile section */

/* Begin PBXFileReference section */
		9C00021017FA2F97001DC767 /* AVScanViewController.h */ = {isa = PBXFileReference; fileEncoding = 4; lastKnownFileType = sourcecode.c.h; name = AVScanViewController.h; path = Shared/AVScanViewController.h; sourceTree = "<group>"; };
		9C00021117FA2F97001DC767 /* AVScanViewController.m */ = {isa = PBXFileReference; fileEncoding = 4; lastKnownFileType = sourcecode.c.objc; name = AVScanViewController.m; path = Shared/AVScanViewController.m; sourceTree = "<group>"; };
		9C00021217FA2F97001DC767 /* AVScanViewController.xib */ = {isa = PBXFileReference; fileEncoding = 4; lastKnownFileType = file.xib; name = AVScanViewController.xib; path = Shared/AVScanViewController.xib; sourceTree = "<group>"; };
		9C05858F162F63CC003D1890 /* AddressBookUI.framework */ = {isa = PBXFileReference; lastKnownFileType = wrapper.framework; name = AddressBookUI.framework; path = System/Library/Frameworks/AddressBookUI.framework; sourceTree = SDKROOT; };
		9C058591162F679F003D1890 /* AddressBook.framework */ = {isa = PBXFileReference; lastKnownFileType = wrapper.framework; name = AddressBook.framework; path = System/Library/Frameworks/AddressBook.framework; sourceTree = SDKROOT; };
		9C1B7A0516FBC5550015C815 /* MessageUI.framework */ = {isa = PBXFileReference; lastKnownFileType = wrapper.framework; name = MessageUI.framework; path = System/Library/Frameworks/MessageUI.framework; sourceTree = SDKROOT; };
		9C1F8D1E15670CC6004E59EB /* MapKit.framework */ = {isa = PBXFileReference; lastKnownFileType = wrapper.framework; name = MapKit.framework; path = System/Library/Frameworks/MapKit.framework; sourceTree = SDKROOT; };
		9C31CD3E1796FF0800A92773 /* open@2x.png */ = {isa = PBXFileReference; lastKnownFileType = image.png; path = "open@2x.png"; sourceTree = "<group>"; };
		9C31CD3F1796FF0800A92773 /* open.png */ = {isa = PBXFileReference; lastKnownFileType = image.png; path = open.png; sourceTree = "<group>"; };
		9C42F730158277E00011FECC /* E.png */ = {isa = PBXFileReference; lastKnownFileType = image.png; name = E.png; path = Shared/E.png; sourceTree = "<group>"; };
		9C42F731158277E00011FECC /* E@2x.png */ = {isa = PBXFileReference; lastKnownFileType = image.png; name = "E@2x.png"; path = "Shared/E@2x.png"; sourceTree = "<group>"; };
		9C42F732158277E00011FECC /* N.png */ = {isa = PBXFileReference; lastKnownFileType = image.png; name = N.png; path = Shared/N.png; sourceTree = "<group>"; };
		9C42F733158277E00011FECC /* N@2x.png */ = {isa = PBXFileReference; lastKnownFileType = image.png; name = "N@2x.png"; path = "Shared/N@2x.png"; sourceTree = "<group>"; };
		9C42F734158277E00011FECC /* S.png */ = {isa = PBXFileReference; lastKnownFileType = image.png; name = S.png; path = Shared/S.png; sourceTree = "<group>"; };
		9C42F735158277E00011FECC /* S@2x.png */ = {isa = PBXFileReference; lastKnownFileType = image.png; name = "S@2x.png"; path = "Shared/S@2x.png"; sourceTree = "<group>"; };
		9C42F736158277E00011FECC /* W.png */ = {isa = PBXFileReference; lastKnownFileType = image.png; name = W.png; path = Shared/W.png; sourceTree = "<group>"; };
		9C42F737158277E00011FECC /* W@2x.png */ = {isa = PBXFileReference; lastKnownFileType = image.png; name = "W@2x.png"; path = "Shared/W@2x.png"; sourceTree = "<group>"; };
		9C46E923158259FF00EFA276 /* MediaPlayer.framework */ = {isa = PBXFileReference; lastKnownFileType = wrapper.framework; name = MediaPlayer.framework; path = System/Library/Frameworks/MediaPlayer.framework; sourceTree = SDKROOT; };
		9C4B206C17566B20009C6477 /* geospy.png */ = {isa = PBXFileReference; lastKnownFileType = image.png; path = geospy.png; sourceTree = "<group>"; };
		9C4B206D17566B20009C6477 /* geospy@2x.png */ = {isa = PBXFileReference; lastKnownFileType = image.png; path = "geospy@2x.png"; sourceTree = "<group>"; };
		9C4F8C3614859D3600A2B288 /* AudioController.h */ = {isa = PBXFileReference; fileEncoding = 4; lastKnownFileType = sourcecode.c.h; name = AudioController.h; path = Shared/AudioController.h; sourceTree = "<group>"; };
		9C4F8C3714859D3600A2B288 /* AudioController.m */ = {isa = PBXFileReference; fileEncoding = 4; lastKnownFileType = sourcecode.c.objc; name = AudioController.m; path = Shared/AudioController.m; sourceTree = "<group>"; };
		9C4F8C3814859D3600A2B288 /* AudioController.xib */ = {isa = PBXFileReference; fileEncoding = 4; lastKnownFileType = file.xib; name = AudioController.xib; path = Shared/AudioController.xib; sourceTree = "<group>"; };
		9C51732C155DA6E600090828 /* ARViewController.h */ = {isa = PBXFileReference; fileEncoding = 4; lastKnownFileType = sourcecode.c.h; name = ARViewController.h; path = Shared/ARViewController.h; sourceTree = "<group>"; };
		9C51732D155DA6E600090828 /* ARViewController.m */ = {isa = PBXFileReference; fileEncoding = 4; lastKnownFileType = sourcecode.c.objc; name = ARViewController.m; path = Shared/ARViewController.m; sourceTree = "<group>"; };
		9C51732E155DA6E600090828 /* ARViewController_iPad.xib */ = {isa = PBXFileReference; fileEncoding = 4; lastKnownFileType = file.xib; name = ARViewController_iPad.xib; path = Shared/ARViewController_iPad.xib; sourceTree = "<group>"; };
		9C517333155DA7FB00090828 /* ARViewController_iPhone.xib */ = {isa = PBXFileReference; fileEncoding = 4; lastKnownFileType = file.xib; name = ARViewController_iPhone.xib; path = Shared/ARViewController_iPhone.xib; sourceTree = "<group>"; };
		9C517335155DA99C00090828 /* PlaceLabel.h */ = {isa = PBXFileReference; fileEncoding = 4; lastKnownFileType = sourcecode.c.h; name = PlaceLabel.h; path = Shared/PlaceLabel.h; sourceTree = "<group>"; };
		9C517336155DA99C00090828 /* PlaceLabel.m */ = {isa = PBXFileReference; fileEncoding = 4; lastKnownFileType = sourcecode.c.objc; name = PlaceLabel.m; path = Shared/PlaceLabel.m; sourceTree = "<group>"; };
		9C517338155DACE200090828 /* ARView.h */ = {isa = PBXFileReference; fileEncoding = 4; lastKnownFileType = sourcecode.c.h; name = ARView.h; path = Shared/ARView.h; sourceTree = "<group>"; };
		9C517339155DACE300090828 /* ARView.m */ = {isa = PBXFileReference; fileEncoding = 4; lastKnownFileType = sourcecode.c.objc; name = ARView.m; path = Shared/ARView.m; sourceTree = "<group>"; };
		9C517345155DB13C00090828 /* CoreLocation.framework */ = {isa = PBXFileReference; lastKnownFileType = wrapper.framework; name = CoreLocation.framework; path = System/Library/Frameworks/CoreLocation.framework; sourceTree = SDKROOT; };
		9C517347155DB16700090828 /* QuartzCore.framework */ = {isa = PBXFileReference; lastKnownFileType = wrapper.framework; name = QuartzCore.framework; path = System/Library/Frameworks/QuartzCore.framework; sourceTree = SDKROOT; };
		9C517349155DB17900090828 /* CoreMotion.framework */ = {isa = PBXFileReference; lastKnownFileType = wrapper.framework; name = CoreMotion.framework; path = System/Library/Frameworks/CoreMotion.framework; sourceTree = SDKROOT; };
		9C5324B2160B8C8900F9580D /* stripes.png */ = {isa = PBXFileReference; lastKnownFileType = image.png; path = stripes.png; sourceTree = "<group>"; };
		9C5324B4160B8F5700F9580D /* bar.png */ = {isa = PBXFileReference; lastKnownFileType = image.png; path = bar.png; sourceTree = "<group>"; };
		9C5CD03B14BCBCA70070662F /* camcorder.png */ = {isa = PBXFileReference; lastKnownFileType = image.png; path = camcorder.png; sourceTree = "<group>"; };
		9C5CD03C14BCBCA70070662F /* camcorder@2x.png */ = {isa = PBXFileReference; lastKnownFileType = image.png; path = "camcorder@2x.png"; sourceTree = "<group>"; };
		9C5CD03D14BCBCA70070662F /* camera.png */ = {isa = PBXFileReference; lastKnownFileType = image.png; path = camera.png; sourceTree = "<group>"; };
		9C5CD03E14BCBCA70070662F /* camera@2x.png */ = {isa = PBXFileReference; lastKnownFileType = image.png; path = "camera@2x.png"; sourceTree = "<group>"; };
		9C5CD03F14BCBCA70070662F /* microphone.png */ = {isa = PBXFileReference; lastKnownFileType = image.png; path = microphone.png; sourceTree = "<group>"; };
		9C5CD04014BCBCA70070662F /* microphone@2x.png */ = {isa = PBXFileReference; lastKnownFileType = image.png; path = "microphone@2x.png"; sourceTree = "<group>"; };
		9C5CD04114BCBCA70070662F /* qr.png */ = {isa = PBXFileReference; lastKnownFileType = image.png; path = qr.png; sourceTree = "<group>"; };
		9C5CD04214BCBCA70070662F /* qr@2x.png */ = {isa = PBXFileReference; lastKnownFileType = image.png; path = "qr@2x.png"; sourceTree = "<group>"; };
		9C654E9E174D8F1C00758CA6 /* Default-Portrait@2x~ipad.png */ = {isa = PBXFileReference; lastKnownFileType = image.png; path = "Default-Portrait@2x~ipad.png"; sourceTree = "<group>"; };
		9C654E9F174D8F1C00758CA6 /* Default-Portrait~ipad.png */ = {isa = PBXFileReference; lastKnownFileType = image.png; path = "Default-Portrait~ipad.png"; sourceTree = "<group>"; };
		9C6E1972148560C300ADDAA7 /* MobileCoreServices.framework */ = {isa = PBXFileReference; lastKnownFileType = wrapper.framework; name = MobileCoreServices.framework; path = System/Library/Frameworks/MobileCoreServices.framework; sourceTree = SDKROOT; };
		9C77C78C147310B80079FDF5 /* NativeInterface.h */ = {isa = PBXFileReference; fileEncoding = 4; lastKnownFileType = sourcecode.c.h; name = NativeInterface.h; path = Shared/NativeInterface.h; sourceTree = "<group>"; };
		9C77C78D147310B80079FDF5 /* NativeInterface.m */ = {isa = PBXFileReference; fileEncoding = 4; lastKnownFileType = sourcecode.c.objc; name = NativeInterface.m; path = Shared/NativeInterface.m; sourceTree = "<group>"; };
		9C77C78E147310B80079FDF5 /* NativeInterfaceViewController.h */ = {isa = PBXFileReference; fileEncoding = 4; lastKnownFileType = sourcecode.c.h; name = NativeInterfaceViewController.h; path = Shared/NativeInterfaceViewController.h; sourceTree = "<group>"; };
		9C77C791147310F90079FDF5 /* icon-72.png */ = {isa = PBXFileReference; lastKnownFileType = image.png; path = "icon-72.png"; sourceTree = "<group>"; };
		9C77C792147310F90079FDF5 /* icon.png */ = {isa = PBXFileReference; lastKnownFileType = image.png; path = icon.png; sourceTree = "<group>"; };
		9C77C793147310F90079FDF5 /* icon@2x.png */ = {isa = PBXFileReference; lastKnownFileType = image.png; path = "icon@2x.png"; sourceTree = "<group>"; };
		9C7A1061156BF9AD0013D23D /* MapController.h */ = {isa = PBXFileReference; fileEncoding = 4; lastKnownFileType = sourcecode.c.h; name = MapController.h; path = Shared/MapController.h; sourceTree = "<group>"; };
		9C7A1062156BF9AD0013D23D /* MapController.m */ = {isa = PBXFileReference; fileEncoding = 4; lastKnownFileType = sourcecode.c.objc; name = MapController.m; path = Shared/MapController.m; sourceTree = "<group>"; };
		9C7A1063156BF9AD0013D23D /* MapController.xib */ = {isa = PBXFileReference; fileEncoding = 4; lastKnownFileType = file.xib; name = MapController.xib; path = Shared/MapController.xib; sourceTree = "<group>"; };
		9C7A1E87156C24E70013D23D /* ar.png */ = {isa = PBXFileReference; lastKnownFileType = image.png; path = ar.png; sourceTree = "<group>"; };
		9C7A1E88156C24E70013D23D /* ar@2x.png */ = {isa = PBXFileReference; lastKnownFileType = image.png; path = "ar@2x.png"; sourceTree = "<group>"; };
		9C8FBB3C1628BE250073C720 /* Logging.h */ = {isa = PBXFileReference; fileEncoding = 4; lastKnownFileType = sourcecode.c.h; name = Logging.h; path = Shared/Logging.h; sourceTree = "<group>"; };
		9C9314781485505200B21FA1 /* libiconv.dylib */ = {isa = PBXFileReference; lastKnownFileType = "compiled.mach-o.dylib"; name = libiconv.dylib; path = usr/lib/libiconv.dylib; sourceTree = SDKROOT; };
		9C93147A1485506A00B21FA1 /* AudioToolbox.framework */ = {isa = PBXFileReference; lastKnownFileType = wrapper.framework; name = AudioToolbox.framework; path = System/Library/Frameworks/AudioToolbox.framework; sourceTree = SDKROOT; };
		9C93147C1485507900B21FA1 /* AVFoundation.framework */ = {isa = PBXFileReference; lastKnownFileType = wrapper.framework; name = AVFoundation.framework; path = System/Library/Frameworks/AVFoundation.framework; sourceTree = SDKROOT; };
		9C93147E148556B100B21FA1 /* CoreVideo.framework */ = {isa = PBXFileReference; lastKnownFileType = wrapper.framework; name = CoreVideo.framework; path = System/Library/Frameworks/CoreVideo.framework; sourceTree = SDKROOT; };
		9C931480148556EC00B21FA1 /* CoreMedia.framework */ = {isa = PBXFileReference; lastKnownFileType = wrapper.framework; name = CoreMedia.framework; path = System/Library/Frameworks/CoreMedia.framework; sourceTree = SDKROOT; };
		9C9D3F8417FB8BBD00FD3DBD /* NamedSwitch.h */ = {isa = PBXFileReference; fileEncoding = 4; lastKnownFileType = sourcecode.c.h; path = NamedSwitch.h; sourceTree = "<group>"; };
		9C9D3F8517FB8BBD00FD3DBD /* NamedSwitch.m */ = {isa = PBXFileReference; fileEncoding = 4; lastKnownFileType = sourcecode.c.objc; path = NamedSwitch.m; sourceTree = "<group>"; };
		9C9D3F8617FB8BBD00FD3DBD /* SettingsViewController.h */ = {isa = PBXFileReference; fileEncoding = 4; lastKnownFileType = sourcecode.c.h; path = SettingsViewController.h; sourceTree = "<group>"; };
		9C9D3F8717FB8BBD00FD3DBD /* SettingsViewController.m */ = {isa = PBXFileReference; fileEncoding = 4; lastKnownFileType = sourcecode.c.objc; path = SettingsViewController.m; sourceTree = "<group>"; };
		9C9D3F8817FB8BBD00FD3DBD /* SettingsViewController~ipad.xib */ = {isa = PBXFileReference; fileEncoding = 4; lastKnownFileType = file.xib; path = "SettingsViewController~ipad.xib"; sourceTree = "<group>"; };
		9C9D3F8917FB8BBD00FD3DBD /* SettingsViewController~iphone.xib */ = {isa = PBXFileReference; fileEncoding = 4; lastKnownFileType = file.xib; path = "SettingsViewController~iphone.xib"; sourceTree = "<group>"; };
		9CA2E88A1731BFF1001D1CFC /* Default@2x.png */ = {isa = PBXFileReference; lastKnownFileType = image.png; path = "Default@2x.png"; sourceTree = "<group>"; };
		9CA51B5F14730D110065F681 /* ICEmobile-SX.app */ = {isa = PBXFileReference; explicitFileType = wrapper.application; includeInIndex = 0; path = "ICEmobile-SX.app"; sourceTree = BUILT_PRODUCTS_DIR; };
		9CA51B6314730D110065F681 /* UIKit.framework */ = {isa = PBXFileReference; lastKnownFileType = wrapper.framework; name = UIKit.framework; path = System/Library/Frameworks/UIKit.framework; sourceTree = SDKROOT; };
		9CA51B6514730D110065F681 /* Foundation.framework */ = {isa = PBXFileReference; lastKnownFileType = wrapper.framework; name = Foundation.framework; path = System/Library/Frameworks/Foundation.framework; sourceTree = SDKROOT; };
		9CA51B6714730D110065F681 /* CoreGraphics.framework */ = {isa = PBXFileReference; lastKnownFileType = wrapper.framework; name = CoreGraphics.framework; path = System/Library/Frameworks/CoreGraphics.framework; sourceTree = SDKROOT; };
		9CA51B6B14730D110065F681 /* ICEmobile-SX-Info.plist */ = {isa = PBXFileReference; lastKnownFileType = text.plist.xml; path = "ICEmobile-SX-Info.plist"; sourceTree = "<group>"; };
		9CA51B6D14730D110065F681 /* en */ = {isa = PBXFileReference; lastKnownFileType = text.plist.strings; name = en; path = en.lproj/InfoPlist.strings; sourceTree = "<group>"; };
		9CA51B6F14730D110065F681 /* main.m */ = {isa = PBXFileReference; lastKnownFileType = sourcecode.c.objc; path = main.m; sourceTree = "<group>"; };
		9CA51B7114730D110065F681 /* ICEmobile-SX-Prefix.pch */ = {isa = PBXFileReference; lastKnownFileType = sourcecode.c.h; path = "ICEmobile-SX-Prefix.pch"; sourceTree = "<group>"; };
		9CA51B7214730D120065F681 /* AppDelegate.h */ = {isa = PBXFileReference; lastKnownFileType = sourcecode.c.h; path = AppDelegate.h; sourceTree = "<group>"; };
		9CA51B7314730D120065F681 /* AppDelegate.m */ = {isa = PBXFileReference; lastKnownFileType = sourcecode.c.objc; path = AppDelegate.m; sourceTree = "<group>"; };
		9CA51B7514730D120065F681 /* ViewController.h */ = {isa = PBXFileReference; lastKnownFileType = sourcecode.c.h; path = ViewController.h; sourceTree = "<group>"; };
		9CA51B7614730D120065F681 /* ViewController.m */ = {isa = PBXFileReference; lastKnownFileType = sourcecode.c.objc; path = ViewController.m; sourceTree = "<group>"; };
		9CA51B7914730D120065F681 /* en */ = {isa = PBXFileReference; lastKnownFileType = file.xib; name = en; path = en.lproj/ViewController_iPhone.xib; sourceTree = "<group>"; };
		9CA51B7C14730D120065F681 /* en */ = {isa = PBXFileReference; lastKnownFileType = file.xib; name = en; path = en.lproj/ViewController_iPad.xib; sourceTree = "<group>"; };
		9CB2A12F1731A5200049C135 /* Default-568h.png */ = {isa = PBXFileReference; lastKnownFileType = image.png; path = "Default-568h.png"; sourceTree = "<group>"; };
		9CB2A1301731A5200049C135 /* Default.png */ = {isa = PBXFileReference; lastKnownFileType = image.png; path = Default.png; sourceTree = "<group>"; };
		9CB2A1341731AA3C0049C135 /* Default-568h@2x.png */ = {isa = PBXFileReference; lastKnownFileType = image.png; path = "Default-568h@2x.png"; sourceTree = "<group>"; };
		9CBF5ACB1638AB1E0015E267 /* IceUtil.h */ = {isa = PBXFileReference; fileEncoding = 4; lastKnownFileType = sourcecode.c.h; name = IceUtil.h; path = Shared/IceUtil.h; sourceTree = "<group>"; };
		9CBF5ACC1638AB1E0015E267 /* IceUtil.m */ = {isa = PBXFileReference; fileEncoding = 4; lastKnownFileType = sourcecode.c.objc; name = IceUtil.m; path = Shared/IceUtil.m; sourceTree = "<group>"; };
		9CE8327216443D7D00F6C270 /* contacts.png */ = {isa = PBXFileReference; lastKnownFileType = image.png; path = contacts.png; sourceTree = "<group>"; };
		9CE8327316443D7D00F6C270 /* contacts@2x.png */ = {isa = PBXFileReference; lastKnownFileType = image.png; path = "contacts@2x.png"; sourceTree = "<group>"; };
		9CF13E5E175E57A100E0DF90 /* sms.png */ = {isa = PBXFileReference; lastKnownFileType = image.png; path = sms.png; sourceTree = "<group>"; };
		9CF13E5F175E57A100E0DF90 /* sms@2x.png */ = {isa = PBXFileReference; lastKnownFileType = image.png; path = "sms@2x.png"; sourceTree = "<group>"; };
		9CFDBD40164D865100D1F041 /* license.txt */ = {isa = PBXFileReference; fileEncoding = 4; lastKnownFileType = text; name = license.txt; path = Shared/license.txt; sourceTree = "<group>"; };
/* End PBXFileReference section */

/* Begin PBXFrameworksBuildPhase section */
		9CA51B5C14730D110065F681 /* Frameworks */ = {
			isa = PBXFrameworksBuildPhase;
			buildActionMask = 2147483647;
			files = (
				9C1B7A0616FBC5550015C815 /* MessageUI.framework in Frameworks */,
				9C058592162F679F003D1890 /* AddressBook.framework in Frameworks */,
				9C058590162F63CC003D1890 /* AddressBookUI.framework in Frameworks */,
				9C46E924158259FF00EFA276 /* MediaPlayer.framework in Frameworks */,
				9C1F8D1F15670CC6004E59EB /* MapKit.framework in Frameworks */,
				9C51734A155DB17900090828 /* CoreMotion.framework in Frameworks */,
				9C517348155DB16700090828 /* QuartzCore.framework in Frameworks */,
				9C517346155DB13C00090828 /* CoreLocation.framework in Frameworks */,
				9C6E1973148560C300ADDAA7 /* MobileCoreServices.framework in Frameworks */,
				9C931481148556EC00B21FA1 /* CoreMedia.framework in Frameworks */,
				9C93147F148556B100B21FA1 /* CoreVideo.framework in Frameworks */,
				9C93147D1485507900B21FA1 /* AVFoundation.framework in Frameworks */,
				9C93147B1485506A00B21FA1 /* AudioToolbox.framework in Frameworks */,
				9C9314791485505200B21FA1 /* libiconv.dylib in Frameworks */,
				9CA51B6414730D110065F681 /* UIKit.framework in Frameworks */,
				9CA51B6614730D110065F681 /* Foundation.framework in Frameworks */,
				9CA51B6814730D110065F681 /* CoreGraphics.framework in Frameworks */,
			);
			runOnlyForDeploymentPostprocessing = 0;
		};
/* End PBXFrameworksBuildPhase section */

/* Begin PBXGroup section */
		9C1BEADD155473E400795020 /* Shared */ = {
			isa = PBXGroup;
			children = (
				9C00021017FA2F97001DC767 /* AVScanViewController.h */,
				9C00021117FA2F97001DC767 /* AVScanViewController.m */,
				9C00021217FA2F97001DC767 /* AVScanViewController.xib */,
				9CFDBD40164D865100D1F041 /* license.txt */,
				9C8FBB3C1628BE250073C720 /* Logging.h */,
				9C42F730158277E00011FECC /* E.png */,
				9C42F731158277E00011FECC /* E@2x.png */,
				9C42F732158277E00011FECC /* N.png */,
				9C42F733158277E00011FECC /* N@2x.png */,
				9C42F734158277E00011FECC /* S.png */,
				9C42F735158277E00011FECC /* S@2x.png */,
				9C42F736158277E00011FECC /* W.png */,
				9C42F737158277E00011FECC /* W@2x.png */,
				9C517338155DACE200090828 /* ARView.h */,
				9C517339155DACE300090828 /* ARView.m */,
				9C517335155DA99C00090828 /* PlaceLabel.h */,
				9C517336155DA99C00090828 /* PlaceLabel.m */,
				9C77C78E147310B80079FDF5 /* NativeInterfaceViewController.h */,
				9C77C78C147310B80079FDF5 /* NativeInterface.h */,
				9C77C78D147310B80079FDF5 /* NativeInterface.m */,
				9C4F8C3614859D3600A2B288 /* AudioController.h */,
				9C4F8C3714859D3600A2B288 /* AudioController.m */,
				9C4F8C3814859D3600A2B288 /* AudioController.xib */,
				9C51732C155DA6E600090828 /* ARViewController.h */,
				9C51732D155DA6E600090828 /* ARViewController.m */,
				9C51732E155DA6E600090828 /* ARViewController_iPad.xib */,
				9C517333155DA7FB00090828 /* ARViewController_iPhone.xib */,
				9C7A1061156BF9AD0013D23D /* MapController.h */,
				9C7A1062156BF9AD0013D23D /* MapController.m */,
				9C7A1063156BF9AD0013D23D /* MapController.xib */,
				9CBF5ACB1638AB1E0015E267 /* IceUtil.h */,
				9CBF5ACC1638AB1E0015E267 /* IceUtil.m */,
			);
			name = Shared;
			sourceTree = "<group>";
		};
		9CA51B5414730D110065F681 = {
			isa = PBXGroup;
			children = (
				9CA51B6914730D110065F681 /* ICEmobile-SX */,
				9C1BEADD155473E400795020 /* Shared */,
				9CA51B6214730D110065F681 /* Frameworks */,
				9CA51B6014730D110065F681 /* Products */,
			);
			sourceTree = "<group>";
		};
		9CA51B6014730D110065F681 /* Products */ = {
			isa = PBXGroup;
			children = (
				9CA51B5F14730D110065F681 /* ICEmobile-SX.app */,
			);
			name = Products;
			sourceTree = "<group>";
		};
		9CA51B6214730D110065F681 /* Frameworks */ = {
			isa = PBXGroup;
			children = (
				9C9314781485505200B21FA1 /* libiconv.dylib */,
				9C1B7A0516FBC5550015C815 /* MessageUI.framework */,
				9C058591162F679F003D1890 /* AddressBook.framework */,
				9C05858F162F63CC003D1890 /* AddressBookUI.framework */,
				9C46E923158259FF00EFA276 /* MediaPlayer.framework */,
				9C1F8D1E15670CC6004E59EB /* MapKit.framework */,
				9C517349155DB17900090828 /* CoreMotion.framework */,
				9C517347155DB16700090828 /* QuartzCore.framework */,
				9C517345155DB13C00090828 /* CoreLocation.framework */,
				9C6E1972148560C300ADDAA7 /* MobileCoreServices.framework */,
				9C931480148556EC00B21FA1 /* CoreMedia.framework */,
				9C93147C1485507900B21FA1 /* AVFoundation.framework */,
				9C93147A1485506A00B21FA1 /* AudioToolbox.framework */,
				9CA51B6314730D110065F681 /* UIKit.framework */,
				9CA51B6514730D110065F681 /* Foundation.framework */,
				9C93147E148556B100B21FA1 /* CoreVideo.framework */,
				9CA51B6714730D110065F681 /* CoreGraphics.framework */,
			);
			name = Frameworks;
			sourceTree = "<group>";
		};
		9CA51B6914730D110065F681 /* ICEmobile-SX */ = {
			isa = PBXGroup;
			children = (
				9C9D3F8417FB8BBD00FD3DBD /* NamedSwitch.h */,
				9C9D3F8517FB8BBD00FD3DBD /* NamedSwitch.m */,
				9C9D3F8617FB8BBD00FD3DBD /* SettingsViewController.h */,
				9C9D3F8717FB8BBD00FD3DBD /* SettingsViewController.m */,
				9C9D3F8817FB8BBD00FD3DBD /* SettingsViewController~ipad.xib */,
				9C9D3F8917FB8BBD00FD3DBD /* SettingsViewController~iphone.xib */,
				9C31CD3E1796FF0800A92773 /* open@2x.png */,
				9C31CD3F1796FF0800A92773 /* open.png */,
				9C654E9E174D8F1C00758CA6 /* Default-Portrait@2x~ipad.png */,
				9C654E9F174D8F1C00758CA6 /* Default-Portrait~ipad.png */,
				9CA2E88A1731BFF1001D1CFC /* Default@2x.png */,
				9CB2A1341731AA3C0049C135 /* Default-568h@2x.png */,
				9CB2A12F1731A5200049C135 /* Default-568h.png */,
				9CB2A1301731A5200049C135 /* Default.png */,
				9C5324B4160B8F5700F9580D /* bar.png */,
				9C5324B2160B8C8900F9580D /* stripes.png */,
				9C7A1E87156C24E70013D23D /* ar.png */,
				9C7A1E88156C24E70013D23D /* ar@2x.png */,
				9CA51B7214730D120065F681 /* AppDelegate.h */,
				9CA51B7314730D120065F681 /* AppDelegate.m */,
				9CA51B7514730D120065F681 /* ViewController.h */,
				9CA51B7614730D120065F681 /* ViewController.m */,
				9CA51B7814730D120065F681 /* ViewController_iPhone.xib */,
				9CA51B7B14730D120065F681 /* ViewController_iPad.xib */,
				9C5CD03B14BCBCA70070662F /* camcorder.png */,
				9C5CD03C14BCBCA70070662F /* camcorder@2x.png */,
				9C5CD03D14BCBCA70070662F /* camera.png */,
				9C5CD03E14BCBCA70070662F /* camera@2x.png */,
				9C5CD03F14BCBCA70070662F /* microphone.png */,
				9C5CD04014BCBCA70070662F /* microphone@2x.png */,
				9CE8327216443D7D00F6C270 /* contacts.png */,
				9CE8327316443D7D00F6C270 /* contacts@2x.png */,
				9C5CD04114BCBCA70070662F /* qr.png */,
				9C5CD04214BCBCA70070662F /* qr@2x.png */,
				9C4B206C17566B20009C6477 /* geospy.png */,
				9C4B206D17566B20009C6477 /* geospy@2x.png */,
				9CF13E5E175E57A100E0DF90 /* sms.png */,
				9CF13E5F175E57A100E0DF90 /* sms@2x.png */,
				9C77C791147310F90079FDF5 /* icon-72.png */,
				9C77C792147310F90079FDF5 /* icon.png */,
				9C77C793147310F90079FDF5 /* icon@2x.png */,
				9CA51B6A14730D110065F681 /* Supporting Files */,
			);
			path = "ICEmobile-SX";
			sourceTree = "<group>";
		};
		9CA51B6A14730D110065F681 /* Supporting Files */ = {
			isa = PBXGroup;
			children = (
				9CA51B6B14730D110065F681 /* ICEmobile-SX-Info.plist */,
				9CA51B6C14730D110065F681 /* InfoPlist.strings */,
				9CA51B6F14730D110065F681 /* main.m */,
				9CA51B7114730D110065F681 /* ICEmobile-SX-Prefix.pch */,
			);
			name = "Supporting Files";
			sourceTree = "<group>";
		};
/* End PBXGroup section */

/* Begin PBXNativeTarget section */
		9CA51B5E14730D110065F681 /* ICEmobile-SX */ = {
			isa = PBXNativeTarget;
			buildConfigurationList = 9CA51B8014730D120065F681 /* Build configuration list for PBXNativeTarget "ICEmobile-SX" */;
			buildPhases = (
				9CA51B5B14730D110065F681 /* Sources */,
				9CA51B5C14730D110065F681 /* Frameworks */,
				9CA51B5D14730D110065F681 /* Resources */,
			);
			buildRules = (
			);
			dependencies = (
			);
			name = "ICEmobile-SX";
			productName = "ICEmobile-SX";
			productReference = 9CA51B5F14730D110065F681 /* ICEmobile-SX.app */;
			productType = "com.apple.product-type.application";
		};
/* End PBXNativeTarget section */

/* Begin PBXProject section */
		9CA51B5614730D110065F681 /* Project object */ = {
			isa = PBXProject;
			attributes = {
				LastUpgradeCheck = 0420;
				ORGANIZATIONNAME = "ICEsoft Technologies, Inc.";
			};
			buildConfigurationList = 9CA51B5914730D110065F681 /* Build configuration list for PBXProject "ICEmobile-SX" */;
			compatibilityVersion = "Xcode 3.2";
			developmentRegion = English;
			hasScannedForEncodings = 0;
			knownRegions = (
				en,
			);
			mainGroup = 9CA51B5414730D110065F681;
			productRefGroup = 9CA51B6014730D110065F681 /* Products */;
			projectDirPath = "";
			projectRoot = "";
			targets = (
				9CA51B5E14730D110065F681 /* ICEmobile-SX */,
			);
		};
/* End PBXProject section */

/* Begin PBXResourcesBuildPhase section */
		9CA51B5D14730D110065F681 /* Resources */ = {
			isa = PBXResourcesBuildPhase;
			buildActionMask = 2147483647;
			files = (
				9CA51B6E14730D110065F681 /* InfoPlist.strings in Resources */,
				9CA51B7A14730D120065F681 /* ViewController_iPhone.xib in Resources */,
				9CA51B7D14730D120065F681 /* ViewController_iPad.xib in Resources */,
				9C77C794147310F90079FDF5 /* icon-72.png in Resources */,
				9C77C795147310F90079FDF5 /* icon.png in Resources */,
				9C77C796147310F90079FDF5 /* icon@2x.png in Resources */,
				9C4F8C3A14859D3600A2B288 /* AudioController.xib in Resources */,
				9C5CD04314BCBCA70070662F /* camcorder.png in Resources */,
				9C5CD04414BCBCA70070662F /* camcorder@2x.png in Resources */,
				9C9D3F8D17FB8BBD00FD3DBD /* SettingsViewController~iphone.xib in Resources */,
				9C5CD04514BCBCA70070662F /* camera.png in Resources */,
				9C5CD04614BCBCA70070662F /* camera@2x.png in Resources */,
				9C5CD04714BCBCA70070662F /* microphone.png in Resources */,
				9C00021417FA2F97001DC767 /* AVScanViewController.xib in Resources */,
				9C5CD04814BCBCA70070662F /* microphone@2x.png in Resources */,
				9C5CD04914BCBCA70070662F /* qr.png in Resources */,
				9C5CD04A14BCBCA70070662F /* qr@2x.png in Resources */,
				9C517330155DA6E600090828 /* ARViewController_iPad.xib in Resources */,
				9C517334155DA7FB00090828 /* ARViewController_iPhone.xib in Resources */,
				9C7A1065156BF9AD0013D23D /* MapController.xib in Resources */,
				9C7A1E89156C24E70013D23D /* ar.png in Resources */,
				9C7A1E8A156C24E70013D23D /* ar@2x.png in Resources */,
				9C42F738158277E00011FECC /* E.png in Resources */,
				9C42F739158277E00011FECC /* E@2x.png in Resources */,
				9C9D3F8C17FB8BBD00FD3DBD /* SettingsViewController~ipad.xib in Resources */,
				9C42F73A158277E00011FECC /* N.png in Resources */,
				9C42F73B158277E00011FECC /* N@2x.png in Resources */,
				9C42F73C158277E00011FECC /* S.png in Resources */,
				9C42F73D158277E00011FECC /* S@2x.png in Resources */,
				9C42F73E158277E00011FECC /* W.png in Resources */,
				9C42F73F158277E00011FECC /* W@2x.png in Resources */,
				9C5324B3160B8C8900F9580D /* stripes.png in Resources */,
				9C5324B5160B8F5700F9580D /* bar.png in Resources */,
				9CE8327416443D7D00F6C270 /* contacts.png in Resources */,
				9CE8327516443D7D00F6C270 /* contacts@2x.png in Resources */,
				9CFDBD41164D865100D1F041 /* license.txt in Resources */,
				9CB2A1311731A5200049C135 /* Default-568h.png in Resources */,
				9CB2A1321731A5200049C135 /* Default.png in Resources */,
				9CB2A1351731AA3C0049C135 /* Default-568h@2x.png in Resources */,
				9CA2E88B1731BFF1001D1CFC /* Default@2x.png in Resources */,
				9C654EA0174D8F1C00758CA6 /* Default-Portrait@2x~ipad.png in Resources */,
				9C654EA1174D8F1C00758CA6 /* Default-Portrait~ipad.png in Resources */,
				9C4B206E17566B20009C6477 /* geospy.png in Resources */,
				9C4B206F17566B20009C6477 /* geospy@2x.png in Resources */,
				9CF13E60175E57A100E0DF90 /* sms.png in Resources */,
				9CF13E61175E57A100E0DF90 /* sms@2x.png in Resources */,
				9C31CD401796FF0800A92773 /* open@2x.png in Resources */,
				9C31CD411796FF0800A92773 /* open.png in Resources */,
			);
			runOnlyForDeploymentPostprocessing = 0;
		};
/* End PBXResourcesBuildPhase section */

/* Begin PBXSourcesBuildPhase section */
		9CA51B5B14730D110065F681 /* Sources */ = {
			isa = PBXSourcesBuildPhase;
			buildActionMask = 2147483647;
			files = (
				9CA51B7014730D110065F681 /* main.m in Sources */,
				9CA51B7414730D120065F681 /* AppDelegate.m in Sources */,
				9CA51B7714730D120065F681 /* ViewController.m in Sources */,
				9C77C78F147310B80079FDF5 /* NativeInterface.m in Sources */,
				9C4F8C3914859D3600A2B288 /* AudioController.m in Sources */,
				9C51732F155DA6E600090828 /* ARViewController.m in Sources */,
				9C517337155DA99C00090828 /* PlaceLabel.m in Sources */,
				9C9D3F8A17FB8BBD00FD3DBD /* NamedSwitch.m in Sources */,
				9C00021317FA2F97001DC767 /* AVScanViewController.m in Sources */,
				9C51733A155DACE300090828 /* ARView.m in Sources */,
				9C7A1064156BF9AD0013D23D /* MapController.m in Sources */,
				9CBF5ACD1638AB1E0015E267 /* IceUtil.m in Sources */,
				9C9D3F8B17FB8BBD00FD3DBD /* SettingsViewController.m in Sources */,
			);
			runOnlyForDeploymentPostprocessing = 0;
		};
/* End PBXSourcesBuildPhase section */

/* Begin PBXVariantGroup section */
		9CA51B6C14730D110065F681 /* InfoPlist.strings */ = {
			isa = PBXVariantGroup;
			children = (
				9CA51B6D14730D110065F681 /* en */,
			);
			name = InfoPlist.strings;
			sourceTree = "<group>";
		};
		9CA51B7814730D120065F681 /* ViewController_iPhone.xib */ = {
			isa = PBXVariantGroup;
			children = (
				9CA51B7914730D120065F681 /* en */,
			);
			name = ViewController_iPhone.xib;
			sourceTree = "<group>";
		};
		9CA51B7B14730D120065F681 /* ViewController_iPad.xib */ = {
			isa = PBXVariantGroup;
			children = (
				9CA51B7C14730D120065F681 /* en */,
			);
			name = ViewController_iPad.xib;
			sourceTree = "<group>";
		};
/* End PBXVariantGroup section */

/* Begin XCBuildConfiguration section */
		9CA51B7E14730D120065F681 /* Debug */ = {
			isa = XCBuildConfiguration;
			buildSettings = {
				ALWAYS_SEARCH_USER_PATHS = NO;
				ARCHS = "$(ARCHS_STANDARD_32_BIT)";
				"CODE_SIGN_IDENTITY[sdk=iphoneos*]" = "iPhone Developer";
				COPY_PHASE_STRIP = NO;
				GCC_C_LANGUAGE_STANDARD = gnu99;
				GCC_DYNAMIC_NO_PIC = NO;
				GCC_OPTIMIZATION_LEVEL = 0;
				GCC_PREPROCESSOR_DEFINITIONS = (
					"DEBUG=1",
					"$(inherited)",
				);
				GCC_SYMBOLS_PRIVATE_EXTERN = NO;
				GCC_VERSION = com.apple.compilers.llvm.clang.1_0;
				GCC_WARN_ABOUT_MISSING_PROTOTYPES = YES;
				GCC_WARN_ABOUT_RETURN_TYPE = YES;
				GCC_WARN_UNUSED_VARIABLE = YES;
				IPHONEOS_DEPLOYMENT_TARGET = 5.0;
				SDKROOT = iphoneos;
				TARGETED_DEVICE_FAMILY = "1,2";
			};
			name = Debug;
		};
		9CA51B7F14730D120065F681 /* Release */ = {
			isa = XCBuildConfiguration;
			buildSettings = {
				ALWAYS_SEARCH_USER_PATHS = NO;
				ARCHS = "$(ARCHS_STANDARD_32_BIT)";
				"CODE_SIGN_IDENTITY[sdk=iphoneos*]" = "iPhone Developer";
				COPY_PHASE_STRIP = YES;
				GCC_C_LANGUAGE_STANDARD = gnu99;
				GCC_VERSION = com.apple.compilers.llvm.clang.1_0;
				GCC_WARN_ABOUT_MISSING_PROTOTYPES = YES;
				GCC_WARN_ABOUT_RETURN_TYPE = YES;
				GCC_WARN_UNUSED_VARIABLE = YES;
				IPHONEOS_DEPLOYMENT_TARGET = 5.0;
				OTHER_CFLAGS = "-DNS_BLOCK_ASSERTIONS=1";
				SDKROOT = iphoneos;
				TARGETED_DEVICE_FAMILY = "1,2";
				VALIDATE_PRODUCT = YES;
			};
			name = Release;
		};
		9CA51B8114730D120065F681 /* Debug */ = {
			isa = XCBuildConfiguration;
			buildSettings = {
				CODE_SIGN_IDENTITY = "iPhone Developer";
				GCC_PRECOMPILE_PREFIX_HEADER = YES;
				GCC_PREFIX_HEADER = "ICEmobile-SX/ICEmobile-SX-Prefix.pch";
				HEADER_SEARCH_PATHS = (
					../zxing/cpp/core/src,
					"../zxing/ZXingWidget/Classes/**",
				);
				INFOPLIST_FILE = "ICEmobile-SX/ICEmobile-SX-Info.plist";
				IPHONEOS_DEPLOYMENT_TARGET = 7.0;
				PRODUCT_NAME = "$(TARGET_NAME)";
				PROVISIONING_PROFILE = "";
				WRAPPER_EXTENSION = app;
			};
			name = Debug;
		};
		9CA51B8214730D120065F681 /* Release */ = {
			isa = XCBuildConfiguration;
			buildSettings = {
				CODE_SIGN_IDENTITY = "iPhone Developer";
				GCC_PRECOMPILE_PREFIX_HEADER = YES;
				GCC_PREFIX_HEADER = "ICEmobile-SX/ICEmobile-SX-Prefix.pch";
				HEADER_SEARCH_PATHS = (
					../zxing/cpp/core/src,
					"../zxing/ZXingWidget/Classes/**",
				);
				INFOPLIST_FILE = "ICEmobile-SX/ICEmobile-SX-Info.plist";
				IPHONEOS_DEPLOYMENT_TARGET = 7.0;
				PRODUCT_NAME = "$(TARGET_NAME)";
				PROVISIONING_PROFILE = "";
				WRAPPER_EXTENSION = app;
			};
			name = Release;
		};
/* End XCBuildConfiguration section */

/* Begin XCConfigurationList section */
		9CA51B5914730D110065F681 /* Build configuration list for PBXProject "ICEmobile-SX" */ = {
			isa = XCConfigurationList;
			buildConfigurations = (
				9CA51B7E14730D120065F681 /* Debug */,
				9CA51B7F14730D120065F681 /* Release */,
			);
			defaultConfigurationIsVisible = 0;
			defaultConfigurationName = Release;
		};
		9CA51B8014730D120065F681 /* Build configuration list for PBXNativeTarget "ICEmobile-SX" */ = {
			isa = XCConfigurationList;
			buildConfigurations = (
				9CA51B8114730D120065F681 /* Debug */,
				9CA51B8214730D120065F681 /* Release */,
			);
			defaultConfigurationIsVisible = 0;
			defaultConfigurationName = Release;
		};
/* End XCConfigurationList section */
	};
	rootObject = 9CA51B5614730D110065F681 /* Project object */;
}
